Microsoft Visual Studio Solution File, Format Version 12.00
# Visual Studio Version 17
VisualStudioVersion = 17.5.2.0
MinimumVisualStudioVersion = 10.0.40219.1
Project("{FAE04EC0-301F-11D3-BF4B-00C04F79EFBC}") = "FishPokedex", "FishPokedex\FishPokedex.csproj", "{A793661B-A5CC-9C9E-1CA1-CCC6E1C79326}"
EndProject
Global
	GlobalSection(SolutionConfigurationPlatforms) = preSolution
		Debug|Any CPU = Debug|Any CPU
		Release|Any CPU = Release|Any CPU
	EndGlobalSection
	GlobalSection(ProjectConfigurationPlatforms) = postSolution
		{A793661B-A5CC-9C9E-1CA1-CCC6E1C79326}.Debug|Any CPU.ActiveCfg = Debug|Any CPU
		{A793661B-A5CC-9C9E-1CA1-CCC6E1C79326}.Debug|Any CPU.Build.0 = Debug|Any CPU
		{A793661B-A5CC-9C9E-1CA1-CCC6E1C79326}.Release|Any CPU.ActiveCfg = Release|Any CPU
		{A793661B-A5CC-9C9E-1CA1-CCC6E1C79326}.Release|Any CPU.Build.0 = Release|Any CPU
	EndGlobalSection
	GlobalSection(SolutionProperties) = preSolution
		HideSolutionNode = FALSE
	EndGlobalSection
	GlobalSection(ExtensibilityGlobals) = postSolution
		SolutionGuid = {116E97A9-A788-4B11-B6E1-2878923F7B06}
	EndGlobalSection
EndGlobal
